
Microsoft Visual Studio Solution File, Format Version 12.00
# Visual Studio Version 17
VisualStudioVersion = 17.5.33502.453
MinimumVisualStudioVersion = 10.0.40219.1
Project("{9A19103F-16F7-4668-BE54-9A1E7A4F7556}") = "GestionAnnonce.Api", "GestionAnnonce.Api\GestionAnnonce.Api.csproj", "{83409E15-FA36-4439-B3C3-2FA99ECCB98A}"
EndProject
Project("{9A19103F-16F7-4668-BE54-9A1E7A4F7556}") = "Domain", "Domain\Domain.csproj", "{0824D182-9C1A-46DA-9732-AC68E9D31609}"
EndProject
Project("{9A19103F-16F7-4668-BE54-9A1E7A4F7556}") = "Application", "Application\Application.csproj", "{8ACA7103-7670-44F5-A140-F70E47EE8CA1}"
EndProject
Project("{9A19103F-16F7-4668-BE54-9A1E7A4F7556}") = "Infrastructure", "Infrastructure\Infrastructure.csproj", "{3AD632BD-68D5-42D7-8765-CF819E13AD19}"
EndProject
Project("{9A19103F-16F7-4668-BE54-9A1E7A4F7556}") = "Identity", "Identity\Identity.csproj", "{DE787988-B3E1-492B-A946-F7DB828E11BA}"
EndProject
Global
	GlobalSection(SolutionConfigurationPlatforms) = preSolution
		Debug|Any CPU = Debug|Any CPU
		Release|Any CPU = Release|Any CPU
	EndGlobalSection
	GlobalSection(ProjectConfigurationPlatforms) = postSolution
		{83409E15-FA36-4439-B3C3-2FA99ECCB98A}.Debug|Any CPU.ActiveCfg = Debug|Any CPU
		{83409E15-FA36-4439-B3C3-2FA99ECCB98A}.Debug|Any CPU.Build.0 = Debug|Any CPU
		{83409E15-FA36-4439-B3C3-2FA99ECCB98A}.Release|Any CPU.ActiveCfg = Release|Any CPU
		{83409E15-FA36-4439-B3C3-2FA99ECCB98A}.Release|Any CPU.Build.0 = Release|Any CPU
		{0824D182-9C1A-46DA-9732-AC68E9D31609}.Debug|Any CPU.ActiveCfg = Debug|Any CPU
		{0824D182-9C1A-46DA-9732-AC68E9D31609}.Debug|Any CPU.Build.0 = Debug|Any CPU
		{0824D182-9C1A-46DA-9732-AC68E9D31609}.Release|Any CPU.ActiveCfg = Release|Any CPU
		{0824D182-9C1A-46DA-9732-AC68E9D31609}.Release|Any CPU.Build.0 = Release|Any CPU
		{8ACA7103-7670-44F5-A140-F70E47EE8CA1}.Debug|Any CPU.ActiveCfg = Debug|Any CPU
		{8ACA7103-7670-44F5-A140-F70E47EE8CA1}.Debug|Any CPU.Build.0 = Debug|Any CPU
		{8ACA7103-7670-44F5-A140-F70E47EE8CA1}.Release|Any CPU.ActiveCfg = Release|Any CPU
		{8ACA7103-7670-44F5-A140-F70E47EE8CA1}.Release|Any CPU.Build.0 = Release|Any CPU
		{3AD632BD-68D5-42D7-8765-CF819E13AD19}.Debug|Any CPU.ActiveCfg = Debug|Any CPU
		{3AD632BD-68D5-42D7-8765-CF819E13AD19}.Debug|Any CPU.Build.0 = Debug|Any CPU
		{3AD632BD-68D5-42D7-8765-CF819E13AD19}.Release|Any CPU.ActiveCfg = Release|Any CPU
		{3AD632BD-68D5-42D7-8765-CF819E13AD19}.Release|Any CPU.Build.0 = Release|Any CPU
		{DE787988-B3E1-492B-A946-F7DB828E11BA}.Debug|Any CPU.ActiveCfg = Debug|Any CPU
		{DE787988-B3E1-492B-A946-F7DB828E11BA}.Debug|Any CPU.Build.0 = Debug|Any CPU
		{DE787988-B3E1-492B-A946-F7DB828E11BA}.Release|Any CPU.ActiveCfg = Release|Any CPU
		{DE787988-B3E1-492B-A946-F7DB828E11BA}.Release|Any CPU.Build.0 = Release|Any CPU
	EndGlobalSection
	GlobalSection(SolutionProperties) = preSolution
		HideSolutionNode = FALSE
	EndGlobalSection
	GlobalSection(ExtensibilityGlobals) = postSolution
		SolutionGuid = {16B366F4-B7E1-45EB-90E5-5827401192E0}
	EndGlobalSection
EndGlobal
